// !$*UTF8*$!
{
	archiveVersion = 1;
	classes = {
	};
	objectVersion = 46;
	objects = {

/* Begin PBXBuildFile section */
		292602571F020917006A16CC /* AppDelegate.swift in Sources */ = {isa = PBXBuildFile; fileRef = 292602561F020917006A16CC /* AppDelegate.swift */; };
		292602591F020917006A16CC /* ViewController.swift in Sources */ = {isa = PBXBuildFile; fileRef = 292602581F020917006A16CC /* ViewController.swift */; };
		2926025C1F020917006A16CC /* Main.storyboard in Resources */ = {isa = PBXBuildFile; fileRef = 2926025A1F020917006A16CC /* Main.storyboard */; };
		2926025E1F020917006A16CC /* Assets.xcassets in Resources */ = {isa = PBXBuildFile; fileRef = 2926025D1F020917006A16CC /* Assets.xcassets */; };
		292602611F020917006A16CC /* LaunchScreen.storyboard in Resources */ = {isa = PBXBuildFile; fileRef = 2926025F1F020917006A16CC /* LaunchScreen.storyboard */; };
/* End PBXBuildFile section */

/* Begin PBXFileReference section */
		292602531F020916006A16CC /* MyApp10.app */ = {isa = PBXFileReference; explicitFileType = wrapper.application; includeInIndex = 0; path = MyApp10.app; sourceTree = BUILT_PRODUCTS_DIR; };
		292602561F020917006A16CC /* AppDelegate.swift */ = {isa = PBXFileReference; lastKnownFileType = sourcecode.swift; path = AppDelegate.swift; sourceTree = "<group>"; };
		292602581F020917006A16CC /* ViewController.swift */ = {isa = PBXFileReference; lastKnownFileType = sourcecode.swift; path = ViewController.swift; sourceTree = "<group>"; };
		2926025B1F020917006A16CC /* Base */ = {isa = PBXFileReference; lastKnownFileType = file.storyboard; name = Base; path = Base.lproj/Main.storyboard; sourceTree = "<group>"; };
		2926025D1F020917006A16CC /* Assets.xcassets */ = {isa = PBXFileReference; lastKnownFileType = folder.assetcatalog; path = Assets.xcassets; sourceTree = "<group>"; };
		292602601F020917006A16CC /* Base */ = {isa = PBXFileReference; lastKnownFileType = file.storyboard; name = Base; path = Base.lproj/LaunchScreen.storyboard; sourceTree = "<group>"; };
		292602621F020917006A16CC /* Info.plist */ = {isa = PBXFileReference; lastKnownFileType = text.plist.xml; path = Info.plist; sourceTree = "<group>"; };
/* End PBXFileReference section */

/* Begin PBXFrameworksBuildPhase section */
		292602501F020916006A16CC /* Frameworks */ = {
			isa = PBXFrameworksBuildPhase;
			buildActionMask = 2147483647;
			files = (
			);
			runOnlyForDeploymentPostprocessing = 0;
		};
/* End PBXFrameworksBuildPhase section */

/* Begin PBXGroup section */
		2926024A1F020916006A16CC = {
			isa = PBXGroup;
			children = (
				292602551F020916006A16CC /* MyApp10 */,
				292602541F020916006A16CC /* Products */,
			);
			sourceTree = "<group>";
		};
		292602541F020916006A16CC /* Products */ = {
			isa = PBXGroup;
			children = (
				292602531F020916006A16CC /* MyApp10.app */,
			);
			name = Products;
			sourceTree = "<group>";
		};
		292602551F020916006A16CC /* MyApp10 */ = {
			isa = PBXGroup;
			children = (
				292602561F020917006A16CC /* AppDelegate.swift */,
				292602581F020917006A16CC /* ViewController.swift */,
				2926025A1F020917006A16CC /* Main.storyboard */,
				2926025D1F020917006A16CC /* Assets.xcassets */,
				2926025F1F020917006A16CC /* LaunchScreen.storyboard */,
				292602621F020917006A16CC /* Info.plist */,
			);
			path = MyApp10;
			sourceTree = "<group>";
		};
/* End PBXGroup section */

/* Begin PBXNativeTarget section */
		292602521F020916006A16CC /* MyApp10 */ = {
			isa = PBXNativeTarget;
			buildConfigurationList = 292602651F020917006A16CC /* Build configuration list for PBXNativeTarget "MyApp10" */;
			buildPhases = (
				2926024F1F020916006A16CC /* Sources */,
				292602501F020916006A16CC /* Frameworks */,
				292602511F020916006A16CC /* Resources */,
			);
			buildRules = (
			);
			dependencies = (
			);
			name = MyApp10;
			productName = MyApp10;
			productReference = 292602531F020916006A16CC /* MyApp10.app */;
			productType = "com.apple.product-type.application";
		};
/* End PBXNativeTarget section */

/* Begin PBXProject section */
		2926024B1F020916006A16CC /* Project object */ = {
			isa = PBXProject;
			attributes = {
				LastSwiftUpdateCheck = 0830;
				LastUpgradeCheck = 0830;
				ORGANIZATIONNAME = iii;
				TargetAttributes = {
					292602521F020916006A16CC = {
						CreatedOnToolsVersion = 8.3.2;
						DevelopmentTeam = LWCJ7EE58P;
						ProvisioningStyle = Automatic;
					};
				};
			};
			buildConfigurationList = 2926024E1F020916006A16CC /* Build configuration list for PBXProject "MyApp10" */;
			compatibilityVersion = "Xcode 3.2";
			developmentRegion = English;
			hasScannedForEncodings = 0;
			knownRegions = (
				en,
				Base,
			);
			mainGroup = 2926024A1F020916006A16CC;
			productRefGroup = 292602541F020916006A16CC /* Products */;
			projectDirPath = "";
			projectRoot = "";
			targets = (
				292602521F020916006A16CC /* MyApp10 */,
			);
		};
/* End PBXProject section */

/* Begin PBXResourcesBuildPhase section */
		292602511F020916006A16CC /* Resources */ = {
			isa = PBXResourcesBuildPhase;
			buildActionMask = 2147483647;
			files = (
				292602611F020917006A16CC /* LaunchScreen.storyboard in Resources */,
				2926025E1F020917006A16CC /* Assets.xcassets in Resources */,
				2926025C1F020917006A16CC /* Main.storyboard in Resources */,
			);
			runOnlyForDeploymentPostprocessing = 0;
		};
/* End PBXResourcesBuildPhase section */

/* Begin PBXSourcesBuildPhase section */
		2926024F1F020916006A16CC /* Sources */ = {
			isa = PBXSourcesBuildPhase;
			buildActionMask = 2147483647;
			files = (
				292602591F020917006A16CC /* ViewController.swift in Sources */,
				292602571F020917006A16CC /* AppDelegate.swift in Sources */,
			);
			runOnlyForDeploymentPostprocessing = 0;
		};
/* End PBXSourcesBuildPhase section */

/* Begin PBXVariantGroup section */
		2926025A1F020917006A16CC /* Main.storyboard */ = {
			isa = PBXVariantGroup;
			children = (
				2926025B1F020917006A16CC /* Base */,
			);
			name = Main.storyboard;
			sourceTree = "<group>";
		};
		2926025F1F020917006A16CC /* LaunchScreen.storyboard */ = {
			isa = PBXVariantGroup;
			children = (
				292602601F020917006A16CC /* Base */,
			);
			name = LaunchScreen.storyboard;
			sourceTree = "<group>";
		};
/* End PBXVariantGroup section */

/* Begin XCBuildConfiguration section */
		292602631F020917006A16CC /* Debug */ = {
			isa = XCBuildConfiguration;
			buildSettings = {
				ALWAYS_SEARCH_USER_PATHS = NO;
				CLANG_ANALYZER_NONNULL = YES;
				CLANG_ANALYZER_NUMBER_OBJECT_CONVERSION = YES_AGGRESSIVE;
				CLANG_CXX_LANGUAGE_STANDARD = "gnu++0x";
				CLANG_CXX_LIBRARY = "libc++";
				CLANG_ENABLE_MODULES = YES;
				CLANG_ENABLE_OBJC_ARC = YES;
				CLANG_WARN_BOOL_CONVERSION = YES;
				CLANG_WARN_CONSTANT_CONVERSION = YES;
				CLANG_WARN_DIRECT_OBJC_ISA_USAGE = YES_ERROR;
				CLANG_WARN_DOCUMENTATION_COMMENTS = YES;
				CLANG_WARN_EMPTY_BODY = YES;
				CLANG_WARN_ENUM_CONVERSION = YES;
				CLANG_WARN_INFINITE_RECURSION = YES;
				CLANG_WARN_INT_CONVERSION = YES;
				CLANG_WARN_OBJC_ROOT_CLASS = YES_ERROR;
				CLANG_WARN_SUSPICIOUS_MOVE = YES;
				CLANG_WARN_UNREACHABLE_CODE = YES;
				CLANG_WARN__DUPLICATE_METHOD_MATCH = YES;
				"CODE_SIGN_IDENTITY[sdk=iphoneos*]" = "iPhone Developer";
				COPY_PHASE_STRIP = NO;
				DEBUG_INFORMATION_FORMAT = dwarf;
				ENABLE_STRICT_OBJC_MSGSEND = YES;
				ENABLE_TESTABILITY = YES;
				GCC_C_LANGUAGE_STANDARD = gnu99;
				GCC_DYNAMIC_NO_PIC = NO;
				GCC_NO_COMMON_BLOCKS = YES;
				GCC_OPTIMIZATION_LEVEL = 0;
				GCC_PREPROCESSOR_DEFINITIONS = (
					"DEBUG=1",
					"$(inherited)",
				);
				GCC_WARN_64_TO_32_BIT_CONVERSION = YES;
				GCC_WARN_ABOUT_RETURN_TYPE = YES_ERROR;
				GCC_WARN_UNDECLARED_SELECTOR = YES;
				GCC_WARN_UNINITIALIZED_AUTOS = YES_AGGRESSIVE;
				GCC_WARN_UNUSED_FUNCTION = YES;
				GCC_WARN_UNUSED_VARIABLE = YES;
				IPHONEOS_DEPLOYMENT_TARGET = 10.3;
				MTL_ENABLE_DEBUG_INFO = YES;
				ONLY_ACTIVE_ARCH = YES;
				SDKROOT = iphoneos;
				SWIFT_ACTIVE_COMPILATION_CONDITIONS = DEBUG;
				SWIFT_OPTIMIZATION_LEVEL = "-Onone";
				TARGETED_DEVICE_FAMILY = "1,2";
			};
			name = Debug;
		};
		292602641F020917006A16CC /* Release */ = {
			isa = XCBuildConfiguration;
			buildSettings = {
				ALWAYS_SEARCH_USER_PATHS = NO;
				CLANG_ANALYZER_NONNULL = YES;
				CLANG_ANALYZER_NUMBER_OBJECT_CONVERSION = YES_AGGRESSIVE;
				CLANG_CXX_LANGUAGE_STANDARD = "gnu++0x";
				CLANG_CXX_LIBRARY = "libc++";
				CLANG_ENABLE_MODULES = YES;
				CLANG_ENABLE_OBJC_ARC = YES;
				CLANG_WARN_BOOL_CONVERSION = YES;
				CLANG_WARN_CONSTANT_CONVERSION = YES;
				CLANG_WARN_DIRECT_OBJC_ISA_USAGE = YES_ERROR;
				CLANG_WARN_DOCUMENTATION_COMMENTS = YES;
				CLANG_WARN_EMPTY_BODY = YES;
				CLANG_WARN_ENUM_CONVERSION = YES;
				CLANG_WARN_INFINITE_RECURSION = YES;
				CLANG_WARN_INT_CONVERSION = YES;
				CLANG_WARN_OBJC_ROOT_CLASS = YES_ERROR;
				CLANG_WARN_SUSPICIOUS_MOVE = YES;
				CLANG_WARN_UNREACHABLE_CODE = YES;
				CLANG_WARN__DUPLICATE_METHOD_MATCH = YES;
				"CODE_SIGN_IDENTITY[sdk=iphoneos*]" = "iPhone Developer";
				COPY_PHASE_STRIP = NO;
				DEBUG_INFORMATION_FORMAT = "dwarf-with-dsym";
				ENABLE_NS_ASSERTIONS = NO;
				ENABLE_STRICT_OBJC_MSGSEND = YES;
				GCC_C_LANGUAGE_STANDARD = gnu99;
				GCC_NO_COMMON_BLOCKS = YES;
				GCC_WARN_64_TO_32_BIT_CONVERSION = YES;
				GCC_WARN_ABOUT_RETURN_TYPE = YES_ERROR;
				GCC_WARN_UNDECLARED_SELECTOR = YES;
				GCC_WARN_UNINITIALIZED_AUTOS = YES_AGGRESSIVE;
				GCC_WARN_UNUSED_FUNCTION = YES;
				GCC_WARN_UNUSED_VARIABLE = YES;
				IPHONEOS_DEPLOYMENT_TARGET = 10.3;
				MTL_ENABLE_DEBUG_INFO = NO;
				SDKROOT = iphoneos;
				SWIFT_OPTIMIZATION_LEVEL = "-Owholemodule";
				TARGETED_DEVICE_FAMILY = "1,2";
				VALIDATE_PRODUCT = YES;
			};
			name = Release;
		};
		292602661F020917006A16CC /* Debug */ = {
			isa = XCBuildConfiguration;
			buildSettings = {
				ASSETCATALOG_COMPILER_APPICON_NAME = AppIcon;
				DEVELOPMENT_TEAM = LWCJ7EE58P;
				INFOPLIST_FILE = MyApp10/Info.plist;
				LD_RUNPATH_SEARCH_PATHS = "$(inherited) @executable_path/Frameworks";
				PRODUCT_BUNDLE_IDENTIFIER = tw.brad.brad01.MyApp10;
				PRODUCT_NAME = "$(TARGET_NAME)";
				SWIFT_VERSION = 3.0;
			};
			name = Debug;
		};
		292602671F020917006A16CC /* Release */ = {
			isa = XCBuildConfiguration;
			buildSettings = {
				ASSETCATALOG_COMPILER_APPICON_NAME = AppIcon;
				DEVELOPMENT_TEAM = LWCJ7EE58P;
				INFOPLIST_FILE = MyApp10/Info.plist;
				LD_RUNPATH_SEARCH_PATHS = "$(inherited) @executable_path/Frameworks";
				PRODUCT_BUNDLE_IDENTIFIER = tw.brad.brad01.MyApp10;
				PRODUCT_NAME = "$(TARGET_NAME)";
				SWIFT_VERSION = 3.0;
			};
			name = Release;
		};
/* End XCBuildConfiguration section */

/* Begin XCConfigurationList section */
		2926024E1F020916006A16CC /* Build configuration list for PBXProject "MyApp10" */ = {
			isa = XCConfigurationList;
			buildConfigurations = (
				292602631F020917006A16CC /* Debug */,
				292602641F020917006A16CC /* Release */,
			);
			defaultConfigurationIsVisible = 0;
			defaultConfigurationName = Release;
		};
		292602651F020917006A16CC /* Build configuration list for PBXNativeTarget "MyApp10" */ = {
			isa = XCConfigurationList;
			buildConfigurations = (
				292602661F020917006A16CC /* Debug */,
				292602671F020917006A16CC /* Release */,
			);
			defaultConfigurationIsVisible = 0;
		};
/* End XCConfigurationList section */
	};
	rootObject = 2926024B1F020916006A16CC /* Project object */;
}
